
Microsoft Visual Studio Solution File, Format Version 12.00
# Visual Studio Version 17
VisualStudioVersion = 17.2.32616.157
MinimumVisualStudioVersion = 10.0.40219.1
Project("{FAE04EC0-301F-11D3-BF4B-00C04F79EFBC}") = "RepetedWord", "RepetedWord\RepetedWord.csproj", "{B0E984B6-E3EF-4BBD-9FAE-49F8E31EAB8F}"
EndProject
Global
	GlobalSection(SolutionConfigurationPlatforms) = preSolution
		Debug|Any CPU = Debug|Any CPU
		Release|Any CPU = Release|Any CPU
	EndGlobalSection
	GlobalSection(ProjectConfigurationPlatforms) = postSolution
		{B0E984B6-E3EF-4BBD-9FAE-49F8E31EAB8F}.Debug|Any CPU.ActiveCfg = Debug|Any CPU
		{B0E984B6-E3EF-4BBD-9FAE-49F8E31EAB8F}.Debug|Any CPU.Build.0 = Debug|Any CPU
		{B0E984B6-E3EF-4BBD-9FAE-49F8E31EAB8F}.Release|Any CPU.ActiveCfg = Release|Any CPU
		{B0E984B6-E3EF-4BBD-9FAE-49F8E31EAB8F}.Release|Any CPU.Build.0 = Release|Any CPU
	EndGlobalSection
	GlobalSection(SolutionProperties) = preSolution
		HideSolutionNode = FALSE
	EndGlobalSection
	GlobalSection(ExtensibilityGlobals) = postSolution
		SolutionGuid = {CAE632A2-A78C-4DB6-B41D-784A7135FD4A}
	EndGlobalSection
EndGlobal
